PODS:
  - MarqueeLabel/Swift (3.1.4)
  - NotificationBannerSwift (1.6.1):
    - MarqueeLabel/Swift
    - SnapKit (~> 4.0)
  - PKHUD (5.0.0)
  - ReachabilitySwift (4.1.0)
  - SnapKit (4.0.0)
  - SwiftyBeaver (1.5.1)

DEPENDENCIES:
  - NotificationBannerSwift (~> 1.6.1)
  - PKHUD (~> 5.0)
  - ReachabilitySwift (~> 4.1.0)
  - SwiftyBeaver (~> 1.5.1)

SPEC CHECKSUMS:
  MarqueeLabel: bf768455fe88d427f71476ebb23f9092b660f40b
  NotificationBannerSwift: 1fc2955381e6eb26d958ba32160fc41721b9b689
  PKHUD: 3c001512c6e002091184197a8de7a20420786e3b
  ReachabilitySwift: 6849231cd4e06559f3b9ef4a97a0a0f96d41e09f
  SnapKit: a42d492c16e80209130a3379f73596c3454b7694
  SwiftyBeaver: 4f74563624b2c1e821c522c54142b5dd5ebb0f30

PODFILE CHECKSUM: 95c5e43bde3114611363e72b9f07ef05af84f995

COCOAPODS: 1.4.0
