// !$*UTF8*$!
{
	archiveVersion = 1;
	classes = {
	};
	objectVersion = 48;
	objects = {

/* Begin PBXBuildFile section */
		38BB3992D7A0267EB5DFD552 /* Pods_AaptivTime.framework in Frameworks */ = {isa = PBXBuildFile; fileRef = 357D10781A175D1610FD3127 /* Pods_AaptivTime.framework */; };
		9D2A64C17FD0445DB15429E5 /* Pods_AaptivTimeUITests.framework in Frameworks */ = {isa = PBXBuildFile; fileRef = E4C91A3704F06B4042AE5A8D /* Pods_AaptivTimeUITests.framework */; };
		AF0A3C1E2030235A00228826 /* ATSavedArticlesViewController.swift in Sources */ = {isa = PBXBuildFile; fileRef = AF0A3C1C2030235A00228826 /* ATSavedArticlesViewController.swift */; };
		AF0A3C1F2030235A00228826 /* ATSavedArticlesViewController.xib in Resources */ = {isa = PBXBuildFile; fileRef = AF0A3C1D2030235A00228826 /* ATSavedArticlesViewController.xib */; };
		AF0A3C2120302E0B00228826 /* ATReachabilityManager.swift in Sources */ = {isa = PBXBuildFile; fileRef = AF0A3C2020302E0B00228826 /* ATReachabilityManager.swift */; };
		AF13FDA0202D4F940035AE6F /* ATArticlesListViewModel.swift in Sources */ = {isa = PBXBuildFile; fileRef = AF13FD9F202D4F940035AE6F /* ATArticlesListViewModel.swift */; };
		AF13FDA2202D50E00035AE6F /* ATCoreDataService.swift in Sources */ = {isa = PBXBuildFile; fileRef = AF13FDA1202D50E00035AE6F /* ATCoreDataService.swift */; };
		AF13FDA9202DF6170035AE6F /* ArticleItem+CoreDataClass.swift in Sources */ = {isa = PBXBuildFile; fileRef = AF13FDA7202DF6170035AE6F /* ArticleItem+CoreDataClass.swift */; };
		AF13FDAA202DF6170035AE6F /* ArticleItem+CoreDataProperties.swift in Sources */ = {isa = PBXBuildFile; fileRef = AF13FDA8202DF6170035AE6F /* ArticleItem+CoreDataProperties.swift */; };
		AF13FDAC202DF66C0035AE6F /* NYTimeArticleItem.swift in Sources */ = {isa = PBXBuildFile; fileRef = AF13FDAB202DF66C0035AE6F /* NYTimeArticleItem.swift */; };
		AF23727220581F350073D913 /* data.json in Resources */ = {isa = PBXBuildFile; fileRef = AF23727120581F350073D913 /* data.json */; };
		AF237274205832A60073D913 /* UIImageViewExtension.swift in Sources */ = {isa = PBXBuildFile; fileRef = AF237273205832A60073D913 /* UIImageViewExtension.swift */; };
		AF449F77202F65C4006ACA42 /* ATAppFlowCoordinator.swift in Sources */ = {isa = PBXBuildFile; fileRef = AF449F76202F65C4006ACA42 /* ATAppFlowCoordinator.swift */; };
		AF449F7A202F73BC006ACA42 /* ATArticlesListViewController.swift in Sources */ = {isa = PBXBuildFile; fileRef = AF449F78202F73BC006ACA42 /* ATArticlesListViewController.swift */; };
		AF449F7B202F73BC006ACA42 /* ATArticlesListViewController.xib in Resources */ = {isa = PBXBuildFile; fileRef = AF449F79202F73BC006ACA42 /* ATArticlesListViewController.xib */; };
		AF449F7D202F775D006ACA42 /* ATArticleListDataSourceable.swift in Sources */ = {isa = PBXBuildFile; fileRef = AF449F7C202F775D006ACA42 /* ATArticleListDataSourceable.swift */; };
		AF449F80202F7A7B006ACA42 /* ATArticleListItemCell.swift in Sources */ = {isa = PBXBuildFile; fileRef = AF449F7E202F7A7B006ACA42 /* ATArticleListItemCell.swift */; };
		AF449F81202F7A7B006ACA42 /* ATArticleListItemCell.xib in Resources */ = {isa = PBXBuildFile; fileRef = AF449F7F202F7A7B006ACA42 /* ATArticleListItemCell.xib */; };
		AF449F83202F7AC2006ACA42 /* ATGlobal.swift in Sources */ = {isa = PBXBuildFile; fileRef = AF449F82202F7AC2006ACA42 /* ATGlobal.swift */; };
		AF449F85202F7DEE006ACA42 /* ATDynamicType.swift in Sources */ = {isa = PBXBuildFile; fileRef = AF449F84202F7DEE006ACA42 /* ATDynamicType.swift */; };
		AF449F87202F7FBB006ACA42 /* ATSectionScrollView.swift in Sources */ = {isa = PBXBuildFile; fileRef = AF449F86202F7FBB006ACA42 /* ATSectionScrollView.swift */; };
		AF449F89202F920E006ACA42 /* ATArticleItemViewModel.swift in Sources */ = {isa = PBXBuildFile; fileRef = AF449F88202F920E006ACA42 /* ATArticleItemViewModel.swift */; };
		AF449F8B202F9B9C006ACA42 /* DateExtension.swift in Sources */ = {isa = PBXBuildFile; fileRef = AF449F8A202F9B9C006ACA42 /* DateExtension.swift */; };
		AF449F8D202FAD6E006ACA42 /* ColorExtension.swift in Sources */ = {isa = PBXBuildFile; fileRef = AF449F8C202FAD6E006ACA42 /* ColorExtension.swift */; };
		AF449F8F202FAED6006ACA42 /* FontExtension.swift in Sources */ = {isa = PBXBuildFile; fileRef = AF449F8E202FAED6006ACA42 /* FontExtension.swift */; };
		AF449F9420300640006ACA42 /* ATArticleWebViewController.swift in Sources */ = {isa = PBXBuildFile; fileRef = AF449F9220300640006ACA42 /* ATArticleWebViewController.swift */; };
		AF4607C1202AB91B0056D66E /* AppDelegate.swift in Sources */ = {isa = PBXBuildFile; fileRef = AF4607C0202AB91B0056D66E /* AppDelegate.swift */; };
		AF4607C9202AB91B0056D66E /* AaptivTime.xcdatamodeld in Sources */ = {isa = PBXBuildFile; fileRef = AF4607C7202AB91B0056D66E /* AaptivTime.xcdatamodeld */; };
		AF4607CB202AB91B0056D66E /* Assets.xcassets in Resources */ = {isa = PBXBuildFile; fileRef = AF4607CA202AB91B0056D66E /* Assets.xcassets */; };
		AF4607CE202AB91B0056D66E /* LaunchScreen.storyboard in Resources */ = {isa = PBXBuildFile; fileRef = AF4607CC202AB91B0056D66E /* LaunchScreen.storyboard */; };
		AF4607E4202AB91C0056D66E /* AaptivTimeUITests.swift in Sources */ = {isa = PBXBuildFile; fileRef = AF4607E3202AB91C0056D66E /* AaptivTimeUITests.swift */; };
		AF4607FD202BB1630056D66E /* ATNYTimeAPIService.swift in Sources */ = {isa = PBXBuildFile; fileRef = AF4607FC202BB1630056D66E /* ATNYTimeAPIService.swift */; };
		AF460800202BDB460056D66E /* ATHttpClientable.swift in Sources */ = {isa = PBXBuildFile; fileRef = AF4607FF202BDB460056D66E /* ATHttpClientable.swift */; };
		AF460802202BDBD90056D66E /* ATHttpClient.swift in Sources */ = {isa = PBXBuildFile; fileRef = AF460801202BDBD90056D66E /* ATHttpClient.swift */; };
		AF460804202BE3600056D66E /* ATNYTimeApiServiceTests.swift in Sources */ = {isa = PBXBuildFile; fileRef = AF460803202BE3600056D66E /* ATNYTimeApiServiceTests.swift */; };
		AFB8F745202CD98400473250 /* ATArticlesListDataSource.swift in Sources */ = {isa = PBXBuildFile; fileRef = AFB8F744202CD98400473250 /* ATArticlesListDataSource.swift */; };
		BA79DBB46A15C5C8C52228DD /* Pods_AaptivTimeTests.framework in Frameworks */ = {isa = PBXBuildFile; fileRef = CD8F0466F593A611CB014395 /* Pods_AaptivTimeTests.framework */; };
/* End PBXBuildFile section */

/* Begin PBXContainerItemProxy section */
		AF4607D5202AB91C0056D66E /* PBXContainerItemProxy */ = {
			isa = PBXContainerItemProxy;
			containerPortal = AF4607B5202AB91B0056D66E /* Project object */;
			proxyType = 1;
			remoteGlobalIDString = AF4607BC202AB91B0056D66E;
			remoteInfo = AaptivTime;
		};
		AF4607E0202AB91C0056D66E /* PBXContainerItemProxy */ = {
			isa = PBXContainerItemProxy;
			containerPortal = AF4607B5202AB91B0056D66E /* Project object */;
			proxyType = 1;
			remoteGlobalIDString = AF4607BC202AB91B0056D66E;
			remoteInfo = AaptivTime;
		};
/* End PBXContainerItemProxy section */

/* Begin PBXFileReference section */
		011C8C676D7D33490FB3B342 /* Pods-AaptivTimeUITests.debug.xcconfig */ = {isa = PBXFileReference; includeInIndex = 1; lastKnownFileType = text.xcconfig; name = "Pods-AaptivTimeUITests.debug.xcconfig"; path = "Pods/Target Support Files/Pods-AaptivTimeUITests/Pods-AaptivTimeUITests.debug.xcconfig"; sourceTree = "<group>"; };
		11C330E7B0C9109D581BEE71 /* Pods-AaptivTimeTests.release.xcconfig */ = {isa = PBXFileReference; includeInIndex = 1; lastKnownFileType = text.xcconfig; name = "Pods-AaptivTimeTests.release.xcconfig"; path = "Pods/Target Support Files/Pods-AaptivTimeTests/Pods-AaptivTimeTests.release.xcconfig"; sourceTree = "<group>"; };
		3158D4C8E9E1E2C403C38760 /* Pods-AaptivTimeUITests.release.xcconfig */ = {isa = PBXFileReference; includeInIndex = 1; lastKnownFileType = text.xcconfig; name = "Pods-AaptivTimeUITests.release.xcconfig"; path = "Pods/Target Support Files/Pods-AaptivTimeUITests/Pods-AaptivTimeUITests.release.xcconfig"; sourceTree = "<group>"; };
		357D10781A175D1610FD3127 /* Pods_AaptivTime.framework */ = {isa = PBXFileReference; explicitFileType = wrapper.framework; includeInIndex = 0; path = Pods_AaptivTime.framework; sourceTree = BUILT_PRODUCTS_DIR; };
		5A7C8B527FAD0948F4E5A3AA /* Pods-AaptivTimeTests.debug.xcconfig */ = {isa = PBXFileReference; includeInIndex = 1; lastKnownFileType = text.xcconfig; name = "Pods-AaptivTimeTests.debug.xcconfig"; path = "Pods/Target Support Files/Pods-AaptivTimeTests/Pods-AaptivTimeTests.debug.xcconfig"; sourceTree = "<group>"; };
		6F5813DD91FA4D10D70E027B /* Pods-AaptivTime.release.xcconfig */ = {isa = PBXFileReference; includeInIndex = 1; lastKnownFileType = text.xcconfig; name = "Pods-AaptivTime.release.xcconfig"; path = "Pods/Target Support Files/Pods-AaptivTime/Pods-AaptivTime.release.xcconfig"; sourceTree = "<group>"; };
		AF0A3C1C2030235A00228826 /* ATSavedArticlesViewController.swift */ = {isa = PBXFileReference; lastKnownFileType = sourcecode.swift; path = ATSavedArticlesViewController.swift; sourceTree = "<group>"; };
		AF0A3C1D2030235A00228826 /* ATSavedArticlesViewController.xib */ = {isa = PBXFileReference; lastKnownFileType = file.xib; path = ATSavedArticlesViewController.xib; sourceTree = "<group>"; };
		AF0A3C2020302E0B00228826 /* ATReachabilityManager.swift */ = {isa = PBXFileReference; lastKnownFileType = sourcecode.swift; path = ATReachabilityManager.swift; sourceTree = "<group>"; };
		AF13FD9F202D4F940035AE6F /* ATArticlesListViewModel.swift */ = {isa = PBXFileReference; lastKnownFileType = sourcecode.swift; path = ATArticlesListViewModel.swift; sourceTree = "<group>"; };
		AF13FDA1202D50E00035AE6F /* ATCoreDataService.swift */ = {isa = PBXFileReference; lastKnownFileType = sourcecode.swift; path = ATCoreDataService.swift; sourceTree = "<group>"; };
		AF13FDA7202DF6170035AE6F /* ArticleItem+CoreDataClass.swift */ = {isa = PBXFileReference; fileEncoding = 4; lastKnownFileType = sourcecode.swift; path = "ArticleItem+CoreDataClass.swift"; sourceTree = "<group>"; };
		AF13FDA8202DF6170035AE6F /* ArticleItem+CoreDataProperties.swift */ = {isa = PBXFileReference; fileEncoding = 4; lastKnownFileType = sourcecode.swift; path = "ArticleItem+CoreDataProperties.swift"; sourceTree = "<group>"; };
		AF13FDAB202DF66C0035AE6F /* NYTimeArticleItem.swift */ = {isa = PBXFileReference; lastKnownFileType = sourcecode.swift; path = NYTimeArticleItem.swift; sourceTree = "<group>"; };
		AF23727120581F350073D913 /* data.json */ = {isa = PBXFileReference; fileEncoding = 4; lastKnownFileType = text.json; path = data.json; sourceTree = "<group>"; };
		AF237273205832A60073D913 /* UIImageViewExtension.swift */ = {isa = PBXFileReference; lastKnownFileType = sourcecode.swift; path = UIImageViewExtension.swift; sourceTree = "<group>"; };
		AF449F76202F65C4006ACA42 /* ATAppFlowCoordinator.swift */ = {isa = PBXFileReference; lastKnownFileType = sourcecode.swift; path = ATAppFlowCoordinator.swift; sourceTree = "<group>"; };
		AF449F78202F73BC006ACA42 /* ATArticlesListViewController.swift */ = {isa = PBXFileReference; lastKnownFileType = sourcecode.swift; path = ATArticlesListViewController.swift; sourceTree = "<group>"; };
		AF449F79202F73BC006ACA42 /* ATArticlesListViewController.xib */ = {isa = PBXFileReference; lastKnownFileType = file.xib; path = ATArticlesListViewController.xib; sourceTree = "<group>"; };
		AF449F7C202F775D006ACA42 /* ATArticleListDataSourceable.swift */ = {isa = PBXFileReference; lastKnownFileType = sourcecode.swift; path = ATArticleListDataSourceable.swift; sourceTree = "<group>"; };
		AF449F7E202F7A7B006ACA42 /* ATArticleListItemCell.swift */ = {isa = PBXFileReference; lastKnownFileType = sourcecode.swift; path = ATArticleListItemCell.swift; sourceTree = "<group>"; };
		AF449F7F202F7A7B006ACA42 /* ATArticleListItemCell.xib */ = {isa = PBXFileReference; lastKnownFileType = file.xib; path = ATArticleListItemCell.xib; sourceTree = "<group>"; };
		AF449F82202F7AC2006ACA42 /* ATGlobal.swift */ = {isa = PBXFileReference; lastKnownFileType = sourcecode.swift; path = ATGlobal.swift; sourceTree = "<group>"; };
		AF449F84202F7DEE006ACA42 /* ATDynamicType.swift */ = {isa = PBXFileReference; lastKnownFileType = sourcecode.swift; path = ATDynamicType.swift; sourceTree = "<group>"; };
		AF449F86202F7FBB006ACA42 /* ATSectionScrollView.swift */ = {isa = PBXFileReference; lastKnownFileType = sourcecode.swift; path = ATSectionScrollView.swift; sourceTree = "<group>"; };
		AF449F88202F920E006ACA42 /* ATArticleItemViewModel.swift */ = {isa = PBXFileReference; lastKnownFileType = sourcecode.swift; path = ATArticleItemViewModel.swift; sourceTree = "<group>"; };
		AF449F8A202F9B9C006ACA42 /* DateExtension.swift */ = {isa = PBXFileReference; lastKnownFileType = sourcecode.swift; path = DateExtension.swift; sourceTree = "<group>"; };
		AF449F8C202FAD6E006ACA42 /* ColorExtension.swift */ = {isa = PBXFileReference; lastKnownFileType = sourcecode.swift; path = ColorExtension.swift; sourceTree = "<group>"; };
		AF449F8E202FAED6006ACA42 /* FontExtension.swift */ = {isa = PBXFileReference; lastKnownFileType = sourcecode.swift; path = FontExtension.swift; sourceTree = "<group>"; };
		AF449F9220300640006ACA42 /* ATArticleWebViewController.swift */ = {isa = PBXFileReference; lastKnownFileType = sourcecode.swift; path = ATArticleWebViewController.swift; sourceTree = "<group>"; };
		AF4607BD202AB91B0056D66E /* AaptivTime.app */ = {isa = PBXFileReference; explicitFileType = wrapper.application; includeInIndex = 0; path = AaptivTime.app; sourceTree = BUILT_PRODUCTS_DIR; };
		AF4607C0202AB91B0056D66E /* AppDelegate.swift */ = {isa = PBXFileReference; lastKnownFileType = sourcecode.swift; path = AppDelegate.swift; sourceTree = "<group>"; };
		AF4607C8202AB91B0056D66E /* AaptivTime.xcdatamodel */ = {isa = PBXFileReference; lastKnownFileType = wrapper.xcdatamodel; path = AaptivTime.xcdatamodel; sourceTree = "<group>"; };
		AF4607CA202AB91B0056D66E /* Assets.xcassets */ = {isa = PBXFileReference; lastKnownFileType = folder.assetcatalog; path = Assets.xcassets; sourceTree = "<group>"; };
		AF4607CD202AB91B0056D66E /* Base */ = {isa = PBXFileReference; lastKnownFileType = file.storyboard; name = Base; path = Base.lproj/LaunchScreen.storyboard; sourceTree = "<group>"; };
		AF4607CF202AB91B0056D66E /* Info.plist */ = {isa = PBXFileReference; lastKnownFileType = text.plist.xml; path = Info.plist; sourceTree = "<group>"; };
		AF4607D4202AB91C0056D66E /* AaptivTimeTests.xctest */ = {isa = PBXFileReference; explicitFileType = wrapper.cfbundle; includeInIndex = 0; path = AaptivTimeTests.xctest; sourceTree = BUILT_PRODUCTS_DIR; };
		AF4607DA202AB91C0056D66E /* Info.plist */ = {isa = PBXFileReference; lastKnownFileType = text.plist.xml; path = Info.plist; sourceTree = "<group>"; };
		AF4607DF202AB91C0056D66E /* AaptivTimeUITests.xctest */ = {isa = PBXFileReference; explicitFileType = wrapper.cfbundle; includeInIndex = 0; path = AaptivTimeUITests.xctest; sourceTree = BUILT_PRODUCTS_DIR; };
		AF4607E3202AB91C0056D66E /* AaptivTimeUITests.swift */ = {isa = PBXFileReference; lastKnownFileType = sourcecode.swift; path = AaptivTimeUITests.swift; sourceTree = "<group>"; };
		AF4607E5202AB91C0056D66E /* Info.plist */ = {isa = PBXFileReference; lastKnownFileType = text.plist.xml; path = Info.plist; sourceTree = "<group>"; };
		AF4607FC202BB1630056D66E /* ATNYTimeAPIService.swift */ = {isa = PBXFileReference; lastKnownFileType = sourcecode.swift; path = ATNYTimeAPIService.swift; sourceTree = "<group>"; };
		AF4607FF202BDB460056D66E /* ATHttpClientable.swift */ = {isa = PBXFileReference; lastKnownFileType = sourcecode.swift; path = ATHttpClientable.swift; sourceTree = "<group>"; };
		AF460801202BDBD90056D66E /* ATHttpClient.swift */ = {isa = PBXFileReference; lastKnownFileType = sourcecode.swift; path = ATHttpClient.swift; sourceTree = "<group>"; };
		AF460803202BE3600056D66E /* ATNYTimeApiServiceTests.swift */ = {isa = PBXFileReference; lastKnownFileType = sourcecode.swift; path = ATNYTimeApiServiceTests.swift; sourceTree = "<group>"; };
		AFB8F744202CD98400473250 /* ATArticlesListDataSource.swift */ = {isa = PBXFileReference; lastKnownFileType = sourcecode.swift; path = ATArticlesListDataSource.swift; sourceTree = "<group>"; };
		CD8F0466F593A611CB014395 /* Pods_AaptivTimeTests.framework */ = {isa = PBXFileReference; explicitFileType = wrapper.framework; includeInIndex = 0; path = Pods_AaptivTimeTests.framework; sourceTree = BUILT_PRODUCTS_DIR; };
		D65A796072C869F7B0261687 /* Pods-AaptivTime.debug.xcconfig */ = {isa = PBXFileReference; includeInIndex = 1; lastKnownFileType = text.xcconfig; name = "Pods-AaptivTime.debug.xcconfig"; path = "Pods/Target Support Files/Pods-AaptivTime/Pods-AaptivTime.debug.xcconfig"; sourceTree = "<group>"; };
		E4C91A3704F06B4042AE5A8D /* Pods_AaptivTimeUITests.framework */ = {isa = PBXFileReference; explicitFileType = wrapper.framework; includeInIndex = 0; path = Pods_AaptivTimeUITests.framework; sourceTree = BUILT_PRODUCTS_DIR; };
/* End PBXFileReference section */

/* Begin PBXFrameworksBuildPhase section */
		AF4607BA202AB91B0056D66E /* Frameworks */ = {
			isa = PBXFrameworksBuildPhase;
			buildActionMask = 2147483647;
			files = (
				38BB3992D7A0267EB5DFD552 /* Pods_AaptivTime.framework in Frameworks */,
			);
			runOnlyForDeploymentPostprocessing = 0;
		};
		AF4607D1202AB91C0056D66E /* Frameworks */ = {
			isa = PBXFrameworksBuildPhase;
			buildActionMask = 2147483647;
			files = (
				BA79DBB46A15C5C8C52228DD /* Pods_AaptivTimeTests.framework in Frameworks */,
			);
			runOnlyForDeploymentPostprocessing = 0;
		};
		AF4607DC202AB91C0056D66E /* Frameworks */ = {
			isa = PBXFrameworksBuildPhase;
			buildActionMask = 2147483647;
			files = (
				9D2A64C17FD0445DB15429E5 /* Pods_AaptivTimeUITests.framework in Frameworks */,
			);
			runOnlyForDeploymentPostprocessing = 0;
		};
/* End PBXFrameworksBuildPhase section */

/* Begin PBXGroup section */
		2845E171C0AD792804BA08A9 /* Pods */ = {
			isa = PBXGroup;
			children = (
				D65A796072C869F7B0261687 /* Pods-AaptivTime.debug.xcconfig */,
				6F5813DD91FA4D10D70E027B /* Pods-AaptivTime.release.xcconfig */,
				5A7C8B527FAD0948F4E5A3AA /* Pods-AaptivTimeTests.debug.xcconfig */,
				11C330E7B0C9109D581BEE71 /* Pods-AaptivTimeTests.release.xcconfig */,
				011C8C676D7D33490FB3B342 /* Pods-AaptivTimeUITests.debug.xcconfig */,
				3158D4C8E9E1E2C403C38760 /* Pods-AaptivTimeUITests.release.xcconfig */,
			);
			name = Pods;
			sourceTree = "<group>";
		};
		3590A305DFC9006C6C344396 /* Frameworks */ = {
			isa = PBXGroup;
			children = (
				357D10781A175D1610FD3127 /* Pods_AaptivTime.framework */,
				CD8F0466F593A611CB014395 /* Pods_AaptivTimeTests.framework */,
				E4C91A3704F06B4042AE5A8D /* Pods_AaptivTimeUITests.framework */,
			);
			name = Frameworks;
			sourceTree = "<group>";
		};
		AF13FDAD202DFF120035AE6F /* Utilities & Extensions */ = {
			isa = PBXGroup;
			children = (
				AF449F82202F7AC2006ACA42 /* ATGlobal.swift */,
				AF449F84202F7DEE006ACA42 /* ATDynamicType.swift */,
				AF449F8A202F9B9C006ACA42 /* DateExtension.swift */,
				AF449F8C202FAD6E006ACA42 /* ColorExtension.swift */,
				AF449F8E202FAED6006ACA42 /* FontExtension.swift */,
				AF237273205832A60073D913 /* UIImageViewExtension.swift */,
			);
			path = "Utilities & Extensions";
			sourceTree = "<group>";
		};
		AF4607B4202AB91B0056D66E = {
			isa = PBXGroup;
			children = (
				AF4607BF202AB91B0056D66E /* AaptivTime */,
				AF4607FA202B9C290056D66E /* Resources */,
				AF4607D7202AB91C0056D66E /* AaptivTimeTests */,
				AF4607E2202AB91C0056D66E /* AaptivTimeUITests */,
				AF4607BE202AB91B0056D66E /* Products */,
				2845E171C0AD792804BA08A9 /* Pods */,
				3590A305DFC9006C6C344396 /* Frameworks */,
			);
			sourceTree = "<group>";
		};
		AF4607BE202AB91B0056D66E /* Products */ = {
			isa = PBXGroup;
			children = (
				AF4607BD202AB91B0056D66E /* AaptivTime.app */,
				AF4607D4202AB91C0056D66E /* AaptivTimeTests.xctest */,
				AF4607DF202AB91C0056D66E /* AaptivTimeUITests.xctest */,
			);
			name = Products;
			sourceTree = "<group>";
		};
		AF4607BF202AB91B0056D66E /* AaptivTime */ = {
			isa = PBXGroup;
			children = (
				AF13FDAD202DFF120035AE6F /* Utilities & Extensions */,
				AF4607F9202B9C1B0056D66E /* Protocols */,
				AF4607F8202B9C140056D66E /* ViewControllers */,
				AF4607F7202B9C0C0056D66E /* Views */,
				AF4607F6202B9C040056D66E /* ViewModels */,
				AF4607F5202B9BF80056D66E /* Managers */,
				AF4607F4202B9BEF0056D66E /* Services */,
				AF4607F3202B9BD90056D66E /* DataModels */,
				AF4607F2202B9BC90056D66E /* DataSources */,
				AF4607F1202B9BAD0056D66E /* AppFlowCoordinators */,
				AF4607FB202B9C6B0056D66E /* Storyboards */,
				AF4607C0202AB91B0056D66E /* AppDelegate.swift */,
				AF4607CF202AB91B0056D66E /* Info.plist */,
			);
			path = AaptivTime;
			sourceTree = "<group>";
		};
		AF4607D7202AB91C0056D66E /* AaptivTimeTests */ = {
			isa = PBXGroup;
			children = (
				AF460803202BE3600056D66E /* ATNYTimeApiServiceTests.swift */,
				AF4607DA202AB91C0056D66E /* Info.plist */,
			);
			path = AaptivTimeTests;
			sourceTree = "<group>";
		};
		AF4607E2202AB91C0056D66E /* AaptivTimeUITests */ = {
			isa = PBXGroup;
			children = (
				AF4607E3202AB91C0056D66E /* AaptivTimeUITests.swift */,
				AF4607E5202AB91C0056D66E /* Info.plist */,
			);
			path = AaptivTimeUITests;
			sourceTree = "<group>";
		};
		AF4607F1202B9BAD0056D66E /* AppFlowCoordinators */ = {
			isa = PBXGroup;
			children = (
				AF449F76202F65C4006ACA42 /* ATAppFlowCoordinator.swift */,
			);
			path = AppFlowCoordinators;
			sourceTree = "<group>";
		};
		AF4607F2202B9BC90056D66E /* DataSources */ = {
			isa = PBXGroup;
			children = (
				AFB8F744202CD98400473250 /* ATArticlesListDataSource.swift */,
			);
			path = DataSources;
			sourceTree = "<group>";
		};
		AF4607F3202B9BD90056D66E /* DataModels */ = {
			isa = PBXGroup;
			children = (
				AF23727120581F350073D913 /* data.json */,
				AF13FDAB202DF66C0035AE6F /* NYTimeArticleItem.swift */,
				AF4607FE202BB45D0056D66E /* Coredata */,
			);
			path = DataModels;
			sourceTree = "<group>";
		};
		AF4607F4202B9BEF0056D66E /* Services */ = {
			isa = PBXGroup;
			children = (
				AF460801202BDBD90056D66E /* ATHttpClient.swift */,
				AF4607FC202BB1630056D66E /* ATNYTimeAPIService.swift */,
				AF13FDA1202D50E00035AE6F /* ATCoreDataService.swift */,
			);
			path = Services;
			sourceTree = "<group>";
		};
		AF4607F5202B9BF80056D66E /* Managers */ = {
			isa = PBXGroup;
			children = (
				AF0A3C2020302E0B00228826 /* ATReachabilityManager.swift */,
			);
			path = Managers;
			sourceTree = "<group>";
		};
		AF4607F6202B9C040056D66E /* ViewModels */ = {
			isa = PBXGroup;
			children = (
				AF13FD9F202D4F940035AE6F /* ATArticlesListViewModel.swift */,
				AF449F88202F920E006ACA42 /* ATArticleItemViewModel.swift */,
			);
			path = ViewModels;
			sourceTree = "<group>";
		};
		AF4607F7202B9C0C0056D66E /* Views */ = {
			isa = PBXGroup;
			children = (
				AF449F7E202F7A7B006ACA42 /* ATArticleListItemCell.swift */,
				AF449F7F202F7A7B006ACA42 /* ATArticleListItemCell.xib */,
				AF449F86202F7FBB006ACA42 /* ATSectionScrollView.swift */,
			);
			path = Views;
			sourceTree = "<group>";
		};
		AF4607F8202B9C140056D66E /* ViewControllers */ = {
			isa = PBXGroup;
			children = (
				AF449F78202F73BC006ACA42 /* ATArticlesListViewController.swift */,
				AF449F79202F73BC006ACA42 /* ATArticlesListViewController.xib */,
				AF449F9220300640006ACA42 /* ATArticleWebViewController.swift */,
				AF0A3C1C2030235A00228826 /* ATSavedArticlesViewController.swift */,
				AF0A3C1D2030235A00228826 /* ATSavedArticlesViewController.xib */,
			);
			path = ViewControllers;
			sourceTree = "<group>";
		};
		AF4607F9202B9C1B0056D66E /* Protocols */ = {
			isa = PBXGroup;
			children = (
				AF4607FF202BDB460056D66E /* ATHttpClientable.swift */,
				AF449F7C202F775D006ACA42 /* ATArticleListDataSourceable.swift */,
			);
			path = Protocols;
			sourceTree = "<group>";
		};
		AF4607FA202B9C290056D66E /* Resources */ = {
			isa = PBXGroup;
			children = (
				AF4607CA202AB91B0056D66E /* Assets.xcassets */,
			);
			path = Resources;
			sourceTree = "<group>";
		};
		AF4607FB202B9C6B0056D66E /* Storyboards */ = {
			isa = PBXGroup;
			children = (
				AF4607CC202AB91B0056D66E /* LaunchScreen.storyboard */,
			);
			path = Storyboards;
			sourceTree = "<group>";
		};
		AF4607FE202BB45D0056D66E /* Coredata */ = {
			isa = PBXGroup;
			children = (
				AF13FDA7202DF6170035AE6F /* ArticleItem+CoreDataClass.swift */,
				AF13FDA8202DF6170035AE6F /* ArticleItem+CoreDataProperties.swift */,
				AF4607C7202AB91B0056D66E /* AaptivTime.xcdatamodeld */,
			);
			path = Coredata;
			sourceTree = "<group>";
		};
/* End PBXGroup section */

/* Begin PBXNativeTarget section */
		AF4607BC202AB91B0056D66E /* AaptivTime */ = {
			isa = PBXNativeTarget;
			buildConfigurationList = AF4607E8202AB91C0056D66E /* Build configuration list for PBXNativeTarget "AaptivTime" */;
			buildPhases = (
				5FDD492FAD70A97B6AB908D7 /* [CP] Check Pods Manifest.lock */,
				AF4607B9202AB91B0056D66E /* Sources */,
				AF4607BA202AB91B0056D66E /* Frameworks */,
				AF4607BB202AB91B0056D66E /* Resources */,
				CE2BE025B0179699C74B8472 /* [CP] Embed Pods Frameworks */,
				6A18A2E62A35966BC530C2E4 /* [CP] Copy Pods Resources */,
			);
			buildRules = (
			);
			dependencies = (
			);
			name = AaptivTime;
			productName = AaptivTime;
			productReference = AF4607BD202AB91B0056D66E /* AaptivTime.app */;
			productType = "com.apple.product-type.application";
		};
		AF4607D3202AB91C0056D66E /* AaptivTimeTests */ = {
			isa = PBXNativeTarget;
			buildConfigurationList = AF4607EB202AB91C0056D66E /* Build configuration list for PBXNativeTarget "AaptivTimeTests" */;
			buildPhases = (
				4A1742F1819755D951B17F6C /* [CP] Check Pods Manifest.lock */,
				AF4607D0202AB91C0056D66E /* Sources */,
				AF4607D1202AB91C0056D66E /* Frameworks */,
				AF4607D2202AB91C0056D66E /* Resources */,
				520513C58DBE7571470A0B3E /* [CP] Embed Pods Frameworks */,
				99EC63D67DB38D83CF2580ED /* [CP] Copy Pods Resources */,
			);
			buildRules = (
			);
			dependencies = (
				AF4607D6202AB91C0056D66E /* PBXTargetDependency */,
			);
			name = AaptivTimeTests;
			productName = AaptivTimeTests;
			productReference = AF4607D4202AB91C0056D66E /* AaptivTimeTests.xctest */;
			productType = "com.apple.product-type.bundle.unit-test";
		};
		AF4607DE202AB91C0056D66E /* AaptivTimeUITests */ = {
			isa = PBXNativeTarget;
			buildConfigurationList = AF4607EE202AB91C0056D66E /* Build configuration list for PBXNativeTarget "AaptivTimeUITests" */;
			buildPhases = (
				49C21625B1ED9E56B182A4A6 /* [CP] Check Pods Manifest.lock */,
				AF4607DB202AB91C0056D66E /* Sources */,
				AF4607DC202AB91C0056D66E /* Frameworks */,
				AF4607DD202AB91C0056D66E /* Resources */,
				6F9C6FC663EFD8B5535C0639 /* [CP] Embed Pods Frameworks */,
				CA41EF59C088057C66A62739 /* [CP] Copy Pods Resources */,
			);
			buildRules = (
			);
			dependencies = (
				AF4607E1202AB91C0056D66E /* PBXTargetDependency */,
			);
			name = AaptivTimeUITests;
			productName = AaptivTimeUITests;
			productReference = AF4607DF202AB91C0056D66E /* AaptivTimeUITests.xctest */;
			productType = "com.apple.product-type.bundle.ui-testing";
		};
/* End PBXNativeTarget section */

/* Begin PBXProject section */
		AF4607B5202AB91B0056D66E /* Project object */ = {
			isa = PBXProject;
			attributes = {
				CLASSPREFIX = AT;
				LastSwiftUpdateCheck = 0920;
				LastUpgradeCheck = 0920;
				ORGANIZATIONNAME = HaoWang;
				TargetAttributes = {
					AF4607BC202AB91B0056D66E = {
						CreatedOnToolsVersion = 9.2;
						ProvisioningStyle = Automatic;
					};
					AF4607D3202AB91C0056D66E = {
						CreatedOnToolsVersion = 9.2;
						ProvisioningStyle = Automatic;
						TestTargetID = AF4607BC202AB91B0056D66E;
					};
					AF4607DE202AB91C0056D66E = {
						CreatedOnToolsVersion = 9.2;
						ProvisioningStyle = Automatic;
						TestTargetID = AF4607BC202AB91B0056D66E;
					};
				};
			};
			buildConfigurationList = AF4607B8202AB91B0056D66E /* Build configuration list for PBXProject "AaptivTime" */;
			compatibilityVersion = "Xcode 8.0";
			developmentRegion = en;
			hasScannedForEncodings = 0;
			knownRegions = (
				en,
				Base,
			);
			mainGroup = AF4607B4202AB91B0056D66E;
			productRefGroup = AF4607BE202AB91B0056D66E /* Products */;
			projectDirPath = "";
			projectRoot = "";
			targets = (
				AF4607BC202AB91B0056D66E /* AaptivTime */,
				AF4607D3202AB91C0056D66E /* AaptivTimeTests */,
				AF4607DE202AB91C0056D66E /* AaptivTimeUITests */,
			);
		};
/* End PBXProject section */

/* Begin PBXResourcesBuildPhase section */
		AF4607BB202AB91B0056D66E /* Resources */ = {
			isa = PBXResourcesBuildPhase;
			buildActionMask = 2147483647;
			files = (
				AF449F7B202F73BC006ACA42 /* ATArticlesListViewController.xib in Resources */,
				AF23727220581F350073D913 /* data.json in Resources */,
				AF4607CE202AB91B0056D66E /* LaunchScreen.storyboard in Resources */,
				AF449F81202F7A7B006ACA42 /* ATArticleListItemCell.xib in Resources */,
				AF0A3C1F2030235A00228826 /* ATSavedArticlesViewController.xib in Resources */,
				AF4607CB202AB91B0056D66E /* Assets.xcassets in Resources */,
			);
			runOnlyForDeploymentPostprocessing = 0;
		};
		AF4607D2202AB91C0056D66E /* Resources */ = {
			isa = PBXResourcesBuildPhase;
			buildActionMask = 2147483647;
			files = (
			);
			runOnlyForDeploymentPostprocessing = 0;
		};
		AF4607DD202AB91C0056D66E /* Resources */ = {
			isa = PBXResourcesBuildPhase;
			buildActionMask = 2147483647;
			files = (
			);
			runOnlyForDeploymentPostprocessing = 0;
		};
/* End PBXResourcesBuildPhase section */

/* Begin PBXShellScriptBuildPhase section */
		49C21625B1ED9E56B182A4A6 /* [CP] Check Pods Manifest.lock */ = {
			isa = PBXShellScriptBuildPhase;
			buildActionMask = 2147483647;
			files = (
			);
			inputPaths = (
				"${PODS_PODFILE_DIR_PATH}/Podfile.lock",
				"${PODS_ROOT}/Manifest.lock",
			);
			name = "[CP] Check Pods Manifest.lock";
			outputPaths = (
				"$(DERIVED_FILE_DIR)/Pods-AaptivTimeUITests-checkManifestLockResult.txt",
			);
			runOnlyForDeploymentPostprocessing = 0;
			shellPath = /bin/sh;
			shellScript = "diff \"${PODS_PODFILE_DIR_PATH}/Podfile.lock\" \"${PODS_ROOT}/Manifest.lock\" > /dev/null\nif [ $? != 0 ] ; then\n    # print error to STDERR\n    echo \"error: The sandbox is not in sync with the Podfile.lock. Run 'pod install' or update your CocoaPods installation.\" >&2\n    exit 1\nfi\n# This output is used by Xcode 'outputs' to avoid re-running this script phase.\necho \"SUCCESS\" > \"${SCRIPT_OUTPUT_FILE_0}\"\n";
			showEnvVarsInLog = 0;
		};
		4A1742F1819755D951B17F6C /* [CP] Check Pods Manifest.lock */ = {
			isa = PBXShellScriptBuildPhase;
			buildActionMask = 2147483647;
			files = (
			);
			inputPaths = (
				"${PODS_PODFILE_DIR_PATH}/Podfile.lock",
				"${PODS_ROOT}/Manifest.lock",
			);
			name = "[CP] Check Pods Manifest.lock";
			outputPaths = (
				"$(DERIVED_FILE_DIR)/Pods-AaptivTimeTests-checkManifestLockResult.txt",
			);
			runOnlyForDeploymentPostprocessing = 0;
			shellPath = /bin/sh;
			shellScript = "diff \"${PODS_PODFILE_DIR_PATH}/Podfile.lock\" \"${PODS_ROOT}/Manifest.lock\" > /dev/null\nif [ $? != 0 ] ; then\n    # print error to STDERR\n    echo \"error: The sandbox is not in sync with the Podfile.lock. Run 'pod install' or update your CocoaPods installation.\" >&2\n    exit 1\nfi\n# This output is used by Xcode 'outputs' to avoid re-running this script phase.\necho \"SUCCESS\" > \"${SCRIPT_OUTPUT_FILE_0}\"\n";
			showEnvVarsInLog = 0;
		};
		520513C58DBE7571470A0B3E /* [CP] Embed Pods Frameworks */ = {
			isa = PBXShellScriptBuildPhase;
			buildActionMask = 2147483647;
			files = (
			);
			inputPaths = (
			);
			name = "[CP] Embed Pods Frameworks";
			outputPaths = (
			);
			runOnlyForDeploymentPostprocessing = 0;
			shellPath = /bin/sh;
			shellScript = "\"${SRCROOT}/Pods/Target Support Files/Pods-AaptivTimeTests/Pods-AaptivTimeTests-frameworks.sh\"\n";
			showEnvVarsInLog = 0;
		};
		5FDD492FAD70A97B6AB908D7 /* [CP] Check Pods Manifest.lock */ = {
			isa = PBXShellScriptBuildPhase;
			buildActionMask = 2147483647;
			files = (
			);
			inputPaths = (
				"${PODS_PODFILE_DIR_PATH}/Podfile.lock",
				"${PODS_ROOT}/Manifest.lock",
			);
			name = "[CP] Check Pods Manifest.lock";
			outputPaths = (
				"$(DERIVED_FILE_DIR)/Pods-AaptivTime-checkManifestLockResult.txt",
			);
			runOnlyForDeploymentPostprocessing = 0;
			shellPath = /bin/sh;
			shellScript = "diff \"${PODS_PODFILE_DIR_PATH}/Podfile.lock\" \"${PODS_ROOT}/Manifest.lock\" > /dev/null\nif [ $? != 0 ] ; then\n    # print error to STDERR\n    echo \"error: The sandbox is not in sync with the Podfile.lock. Run 'pod install' or update your CocoaPods installation.\" >&2\n    exit 1\nfi\n# This output is used by Xcode 'outputs' to avoid re-running this script phase.\necho \"SUCCESS\" > \"${SCRIPT_OUTPUT_FILE_0}\"\n";
			showEnvVarsInLog = 0;
		};
		6A18A2E62A35966BC530C2E4 /* [CP] Copy Pods Resources */ = {
			isa = PBXShellScriptBuildPhase;
			buildActionMask = 2147483647;
			files = (
			);
			inputPaths = (
			);
			name = "[CP] Copy Pods Resources";
			outputPaths = (
			);
			runOnlyForDeploymentPostprocessing = 0;
			shellPath = /bin/sh;
			shellScript = "\"${SRCROOT}/Pods/Target Support Files/Pods-AaptivTime/Pods-AaptivTime-resources.sh\"\n";
			showEnvVarsInLog = 0;
		};
		6F9C6FC663EFD8B5535C0639 /* [CP] Embed Pods Frameworks */ = {
			isa = PBXShellScriptBuildPhase;
			buildActionMask = 2147483647;
			files = (
			);
			inputPaths = (
			);
			name = "[CP] Embed Pods Frameworks";
			outputPaths = (
			);
			runOnlyForDeploymentPostprocessing = 0;
			shellPath = /bin/sh;
			shellScript = "\"${SRCROOT}/Pods/Target Support Files/Pods-AaptivTimeUITests/Pods-AaptivTimeUITests-frameworks.sh\"\n";
			showEnvVarsInLog = 0;
		};
		99EC63D67DB38D83CF2580ED /* [CP] Copy Pods Resources */ = {
			isa = PBXShellScriptBuildPhase;
			buildActionMask = 2147483647;
			files = (
			);
			inputPaths = (
			);
			name = "[CP] Copy Pods Resources";
			outputPaths = (
			);
			runOnlyForDeploymentPostprocessing = 0;
			shellPath = /bin/sh;
			shellScript = "\"${SRCROOT}/Pods/Target Support Files/Pods-AaptivTimeTests/Pods-AaptivTimeTests-resources.sh\"\n";
			showEnvVarsInLog = 0;
		};
		CA41EF59C088057C66A62739 /* [CP] Copy Pods Resources */ = {
			isa = PBXShellScriptBuildPhase;
			buildActionMask = 2147483647;
			files = (
			);
			inputPaths = (
			);
			name = "[CP] Copy Pods Resources";
			outputPaths = (
			);
			runOnlyForDeploymentPostprocessing = 0;
			shellPath = /bin/sh;
			shellScript = "\"${SRCROOT}/Pods/Target Support Files/Pods-AaptivTimeUITests/Pods-AaptivTimeUITests-resources.sh\"\n";
			showEnvVarsInLog = 0;
		};
		CE2BE025B0179699C74B8472 /* [CP] Embed Pods Frameworks */ = {
			isa = PBXShellScriptBuildPhase;
			buildActionMask = 2147483647;
			files = (
			);
			inputPaths = (
				"${SRCROOT}/Pods/Target Support Files/Pods-AaptivTime/Pods-AaptivTime-frameworks.sh",
				"${BUILT_PRODUCTS_DIR}/MarqueeLabel/MarqueeLabel.framework",
				"${BUILT_PRODUCTS_DIR}/NotificationBannerSwift/NotificationBannerSwift.framework",
				"${BUILT_PRODUCTS_DIR}/PKHUD/PKHUD.framework",
				"${BUILT_PRODUCTS_DIR}/ReachabilitySwift/Reachability.framework",
				"${BUILT_PRODUCTS_DIR}/SnapKit/SnapKit.framework",
				"${BUILT_PRODUCTS_DIR}/SwiftyBeaver/SwiftyBeaver.framework",
			);
			name = "[CP] Embed Pods Frameworks";
			outputPaths = (
				"${TARGET_BUILD_DIR}/${FRAMEWORKS_FOLDER_PATH}/MarqueeLabel.framework",
				"${TARGET_BUILD_DIR}/${FRAMEWORKS_FOLDER_PATH}/NotificationBannerSwift.framework",
				"${TARGET_BUILD_DIR}/${FRAMEWORKS_FOLDER_PATH}/PKHUD.framework",
				"${TARGET_BUILD_DIR}/${FRAMEWORKS_FOLDER_PATH}/Reachability.framework",
				"${TARGET_BUILD_DIR}/${FRAMEWORKS_FOLDER_PATH}/SnapKit.framework",
				"${TARGET_BUILD_DIR}/${FRAMEWORKS_FOLDER_PATH}/SwiftyBeaver.framework",
			);
			runOnlyForDeploymentPostprocessing = 0;
			shellPath = /bin/sh;
			shellScript = "\"${SRCROOT}/Pods/Target Support Files/Pods-AaptivTime/Pods-AaptivTime-frameworks.sh\"\n";
			showEnvVarsInLog = 0;
		};
/* End PBXShellScriptBuildPhase section */

/* Begin PBXSourcesBuildPhase section */
		AF4607B9202AB91B0056D66E /* Sources */ = {
			isa = PBXSourcesBuildPhase;
			buildActionMask = 2147483647;
			files = (
				AF449F85202F7DEE006ACA42 /* ATDynamicType.swift in Sources */,
				AF0A3C2120302E0B00228826 /* ATReachabilityManager.swift in Sources */,
				AF449F8B202F9B9C006ACA42 /* DateExtension.swift in Sources */,
				AF449F7A202F73BC006ACA42 /* ATArticlesListViewController.swift in Sources */,
				AF449F7D202F775D006ACA42 /* ATArticleListDataSourceable.swift in Sources */,
				AF4607FD202BB1630056D66E /* ATNYTimeAPIService.swift in Sources */,
				AF4607C1202AB91B0056D66E /* AppDelegate.swift in Sources */,
				AF13FDAC202DF66C0035AE6F /* NYTimeArticleItem.swift in Sources */,
				AFB8F745202CD98400473250 /* ATArticlesListDataSource.swift in Sources */,
				AF449F8D202FAD6E006ACA42 /* ColorExtension.swift in Sources */,
				AF13FDAA202DF6170035AE6F /* ArticleItem+CoreDataProperties.swift in Sources */,
				AF0A3C1E2030235A00228826 /* ATSavedArticlesViewController.swift in Sources */,
				AF13FDA0202D4F940035AE6F /* ATArticlesListViewModel.swift in Sources */,
				AF460802202BDBD90056D66E /* ATHttpClient.swift in Sources */,
				AF449F80202F7A7B006ACA42 /* ATArticleListItemCell.swift in Sources */,
				AF460800202BDB460056D66E /* ATHttpClientable.swift in Sources */,
				AF449F77202F65C4006ACA42 /* ATAppFlowCoordinator.swift in Sources */,
				AF13FDA9202DF6170035AE6F /* ArticleItem+CoreDataClass.swift in Sources */,
				AF13FDA2202D50E00035AE6F /* ATCoreDataService.swift in Sources */,
				AF449F9420300640006ACA42 /* ATArticleWebViewController.swift in Sources */,
				AF4607C9202AB91B0056D66E /* AaptivTime.xcdatamodeld in Sources */,
				AF449F83202F7AC2006ACA42 /* ATGlobal.swift in Sources */,
				AF449F87202F7FBB006ACA42 /* ATSectionScrollView.swift in Sources */,
				AF449F89202F920E006ACA42 /* ATArticleItemViewModel.swift in Sources */,
				AF237274205832A60073D913 /* UIImageViewExtension.swift in Sources */,
				AF449F8F202FAED6006ACA42 /* FontExtension.swift in Sources */,
			);
			runOnlyForDeploymentPostprocessing = 0;
		};
		AF4607D0202AB91C0056D66E /* Sources */ = {
			isa = PBXSourcesBuildPhase;
			buildActionMask = 2147483647;
			files = (
				AF460804202BE3600056D66E /* ATNYTimeApiServiceTests.swift in Sources */,
			);
			runOnlyForDeploymentPostprocessing = 0;
		};
		AF4607DB202AB91C0056D66E /* Sources */ = {
			isa = PBXSourcesBuildPhase;
			buildActionMask = 2147483647;
			files = (
				AF4607E4202AB91C0056D66E /* AaptivTimeUITests.swift in Sources */,
			);
			runOnlyForDeploymentPostprocessing = 0;
		};
/* End PBXSourcesBuildPhase section */

/* Begin PBXTargetDependency section */
		AF4607D6202AB91C0056D66E /* PBXTargetDependency */ = {
			isa = PBXTargetDependency;
			target = AF4607BC202AB91B0056D66E /* AaptivTime */;
			targetProxy = AF4607D5202AB91C0056D66E /* PBXContainerItemProxy */;
		};
		AF4607E1202AB91C0056D66E /* PBXTargetDependency */ = {
			isa = PBXTargetDependency;
			target = AF4607BC202AB91B0056D66E /* AaptivTime */;
			targetProxy = AF4607E0202AB91C0056D66E /* PBXContainerItemProxy */;
		};
/* End PBXTargetDependency section */

/* Begin PBXVariantGroup section */
		AF4607CC202AB91B0056D66E /* LaunchScreen.storyboard */ = {
			isa = PBXVariantGroup;
			children = (
				AF4607CD202AB91B0056D66E /* Base */,
			);
			name = LaunchScreen.storyboard;
			sourceTree = "<group>";
		};
/* End PBXVariantGroup section */

/* Begin XCBuildConfiguration section */
		AF4607E6202AB91C0056D66E /* Debug */ = {
			isa = XCBuildConfiguration;
			buildSettings = {
				ALWAYS_SEARCH_USER_PATHS = NO;
				CLANG_ANALYZER_NONNULL = YES;
				CLANG_ANALYZER_NUMBER_OBJECT_CONVERSION = YES_AGGRESSIVE;
				CLANG_CXX_LANGUAGE_STANDARD = "gnu++14";
				CLANG_CXX_LIBRARY = "libc++";
				CLANG_ENABLE_MODULES = YES;
				CLANG_ENABLE_OBJC_ARC = YES;
				CLANG_WARN_BLOCK_CAPTURE_AUTORELEASING = YES;
				CLANG_WARN_BOOL_CONVERSION = YES;
				CLANG_WARN_COMMA = YES;
				CLANG_WARN_CONSTANT_CONVERSION = YES;
				CLANG_WARN_DIRECT_OBJC_ISA_USAGE = YES_ERROR;
				CLANG_WARN_DOCUMENTATION_COMMENTS = YES;
				CLANG_WARN_EMPTY_BODY = YES;
				CLANG_WARN_ENUM_CONVERSION = YES;
				CLANG_WARN_INFINITE_RECURSION = YES;
				CLANG_WARN_INT_CONVERSION = YES;
				CLANG_WARN_NON_LITERAL_NULL_CONVERSION = YES;
				CLANG_WARN_OBJC_LITERAL_CONVERSION = YES;
				CLANG_WARN_OBJC_ROOT_CLASS = YES_ERROR;
				CLANG_WARN_RANGE_LOOP_ANALYSIS = YES;
				CLANG_WARN_STRICT_PROTOTYPES = YES;
				CLANG_WARN_SUSPICIOUS_MOVE = YES;
				CLANG_WARN_UNGUARDED_AVAILABILITY = YES_AGGRESSIVE;
				CLANG_WARN_UNREACHABLE_CODE = YES;
				CLANG_WARN__DUPLICATE_METHOD_MATCH = YES;
				CODE_SIGN_IDENTITY = "iPhone Developer";
				COPY_PHASE_STRIP = NO;
				DEBUG_INFORMATION_FORMAT = dwarf;
				ENABLE_STRICT_OBJC_MSGSEND = YES;
				ENABLE_TESTABILITY = YES;
				GCC_C_LANGUAGE_STANDARD = gnu11;
				GCC_DYNAMIC_NO_PIC = NO;
				GCC_NO_COMMON_BLOCKS = YES;
				GCC_OPTIMIZATION_LEVEL = 0;
				GCC_PREPROCESSOR_DEFINITIONS = (
					"DEBUG=1",
					"$(inherited)",
				);
				GCC_WARN_64_TO_32_BIT_CONVERSION = YES;
				GCC_WARN_ABOUT_RETURN_TYPE = YES_ERROR;
				GCC_WARN_UNDECLARED_SELECTOR = YES;
				GCC_WARN_UNINITIALIZED_AUTOS = YES_AGGRESSIVE;
				GCC_WARN_UNUSED_FUNCTION = YES;
				GCC_WARN_UNUSED_VARIABLE = YES;
				IPHONEOS_DEPLOYMENT_TARGET = 11.2;
				MTL_ENABLE_DEBUG_INFO = YES;
				ONLY_ACTIVE_ARCH = YES;
				SDKROOT = iphoneos;
				SWIFT_ACTIVE_COMPILATION_CONDITIONS = DEBUG;
				SWIFT_OPTIMIZATION_LEVEL = "-Onone";
			};
			name = Debug;
		};
		AF4607E7202AB91C0056D66E /* Release */ = {
			isa = XCBuildConfiguration;
			buildSettings = {
				ALWAYS_SEARCH_USER_PATHS = NO;
				CLANG_ANALYZER_NONNULL = YES;
				CLANG_ANALYZER_NUMBER_OBJECT_CONVERSION = YES_AGGRESSIVE;
				CLANG_CXX_LANGUAGE_STANDARD = "gnu++14";
				CLANG_CXX_LIBRARY = "libc++";
				CLANG_ENABLE_MODULES = YES;
				CLANG_ENABLE_OBJC_ARC = YES;
				CLANG_WARN_BLOCK_CAPTURE_AUTORELEASING = YES;
				CLANG_WARN_BOOL_CONVERSION = YES;
				CLANG_WARN_COMMA = YES;
				CLANG_WARN_CONSTANT_CONVERSION = YES;
				CLANG_WARN_DIRECT_OBJC_ISA_USAGE = YES_ERROR;
				CLANG_WARN_DOCUMENTATION_COMMENTS = YES;
				CLANG_WARN_EMPTY_BODY = YES;
				CLANG_WARN_ENUM_CONVERSION = YES;
				CLANG_WARN_INFINITE_RECURSION = YES;
				CLANG_WARN_INT_CONVERSION = YES;
				CLANG_WARN_NON_LITERAL_NULL_CONVERSION = YES;
				CLANG_WARN_OBJC_LITERAL_CONVERSION = YES;
				CLANG_WARN_OBJC_ROOT_CLASS = YES_ERROR;
				CLANG_WARN_RANGE_LOOP_ANALYSIS = YES;
				CLANG_WARN_STRICT_PROTOTYPES = YES;
				CLANG_WARN_SUSPICIOUS_MOVE = YES;
				CLANG_WARN_UNGUARDED_AVAILABILITY = YES_AGGRESSIVE;
				CLANG_WARN_UNREACHABLE_CODE = YES;
				CLANG_WARN__DUPLICATE_METHOD_MATCH = YES;
				CODE_SIGN_IDENTITY = "iPhone Developer";
				COPY_PHASE_STRIP = NO;
				DEBUG_INFORMATION_FORMAT = "dwarf-with-dsym";
				ENABLE_NS_ASSERTIONS = NO;
				ENABLE_STRICT_OBJC_MSGSEND = YES;
				GCC_C_LANGUAGE_STANDARD = gnu11;
				GCC_NO_COMMON_BLOCKS = YES;
				GCC_WARN_64_TO_32_BIT_CONVERSION = YES;
				GCC_WARN_ABOUT_RETURN_TYPE = YES_ERROR;
				GCC_WARN_UNDECLARED_SELECTOR = YES;
				GCC_WARN_UNINITIALIZED_AUTOS = YES_AGGRESSIVE;
				GCC_WARN_UNUSED_FUNCTION = YES;
				GCC_WARN_UNUSED_VARIABLE = YES;
				IPHONEOS_DEPLOYMENT_TARGET = 11.2;
				MTL_ENABLE_DEBUG_INFO = NO;
				SDKROOT = iphoneos;
				SWIFT_OPTIMIZATION_LEVEL = "-Owholemodule";
				VALIDATE_PRODUCT = YES;
			};
			name = Release;
		};
		AF4607E9202AB91C0056D66E /* Debug */ = {
			isa = XCBuildConfiguration;
			baseConfigurationReference = D65A796072C869F7B0261687 /* Pods-AaptivTime.debug.xcconfig */;
			buildSettings = {
				ASSETCATALOG_COMPILER_APPICON_NAME = AppIcon;
				CODE_SIGN_STYLE = Automatic;
				DEVELOPMENT_TEAM = D4PAL9AE8R;
				INFOPLIST_FILE = "$(SRCROOT)/AaptivTime/Info.plist";
				LD_RUNPATH_SEARCH_PATHS = "$(inherited) @executable_path/Frameworks";
				PRODUCT_BUNDLE_IDENTIFIER = com.haowang.AaptivTime;
				PRODUCT_NAME = "$(TARGET_NAME)";
				SWIFT_VERSION = 4.0;
				TARGETED_DEVICE_FAMILY = "1,2";
			};
			name = Debug;
		};
		AF4607EA202AB91C0056D66E /* Release */ = {
			isa = XCBuildConfiguration;
			baseConfigurationReference = 6F5813DD91FA4D10D70E027B /* Pods-AaptivTime.release.xcconfig */;
			buildSettings = {
				ASSETCATALOG_COMPILER_APPICON_NAME = AppIcon;
				CODE_SIGN_STYLE = Automatic;
				DEVELOPMENT_TEAM = D4PAL9AE8R;
				INFOPLIST_FILE = "$(SRCROOT)/AaptivTime/Info.plist";
				LD_RUNPATH_SEARCH_PATHS = "$(inherited) @executable_path/Frameworks";
				PRODUCT_BUNDLE_IDENTIFIER = com.haowang.AaptivTime;
				PRODUCT_NAME = "$(TARGET_NAME)";
				SWIFT_VERSION = 4.0;
				TARGETED_DEVICE_FAMILY = "1,2";
			};
			name = Release;
		};
		AF4607EC202AB91C0056D66E /* Debug */ = {
			isa = XCBuildConfiguration;
			baseConfigurationReference = 5A7C8B527FAD0948F4E5A3AA /* Pods-AaptivTimeTests.debug.xcconfig */;
			buildSettings = {
				ALWAYS_EMBED_SWIFT_STANDARD_LIBRARIES = YES;
				BUNDLE_LOADER = "$(TEST_HOST)";
				CODE_SIGN_STYLE = Automatic;
				DEVELOPMENT_TEAM = BL6PZ96S5P;
				INFOPLIST_FILE = AaptivTimeTests/Info.plist;
				LD_RUNPATH_SEARCH_PATHS = "$(inherited) @executable_path/Frameworks @loader_path/Frameworks";
				PRODUCT_BUNDLE_IDENTIFIER = com.haowang.AaptivTimeTests;
				PRODUCT_NAME = "$(TARGET_NAME)";
				SWIFT_VERSION = 4.0;
				TARGETED_DEVICE_FAMILY = "1,2";
				TEST_HOST = "$(BUILT_PRODUCTS_DIR)/AaptivTime.app/AaptivTime";
			};
			name = Debug;
		};
		AF4607ED202AB91C0056D66E /* Release */ = {
			isa = XCBuildConfiguration;
			baseConfigurationReference = 11C330E7B0C9109D581BEE71 /* Pods-AaptivTimeTests.release.xcconfig */;
			buildSettings = {
				ALWAYS_EMBED_SWIFT_STANDARD_LIBRARIES = YES;
				BUNDLE_LOADER = "$(TEST_HOST)";
				CODE_SIGN_STYLE = Automatic;
				DEVELOPMENT_TEAM = BL6PZ96S5P;
				INFOPLIST_FILE = AaptivTimeTests/Info.plist;
				LD_RUNPATH_SEARCH_PATHS = "$(inherited) @executable_path/Frameworks @loader_path/Frameworks";
				PRODUCT_BUNDLE_IDENTIFIER = com.haowang.AaptivTimeTests;
				PRODUCT_NAME = "$(TARGET_NAME)";
				SWIFT_VERSION = 4.0;
				TARGETED_DEVICE_FAMILY = "1,2";
				TEST_HOST = "$(BUILT_PRODUCTS_DIR)/AaptivTime.app/AaptivTime";
			};
			name = Release;
		};
		AF4607EF202AB91C0056D66E /* Debug */ = {
			isa = XCBuildConfiguration;
			baseConfigurationReference = 011C8C676D7D33490FB3B342 /* Pods-AaptivTimeUITests.debug.xcconfig */;
			buildSettings = {
				ALWAYS_EMBED_SWIFT_STANDARD_LIBRARIES = YES;
				CODE_SIGN_STYLE = Automatic;
				DEVELOPMENT_TEAM = BL6PZ96S5P;
				INFOPLIST_FILE = AaptivTimeUITests/Info.plist;
				LD_RUNPATH_SEARCH_PATHS = "$(inherited) @executable_path/Frameworks @loader_path/Frameworks";
				PRODUCT_BUNDLE_IDENTIFIER = com.haowang.AaptivTimeUITests;
				PRODUCT_NAME = "$(TARGET_NAME)";
				SWIFT_VERSION = 4.0;
				TARGETED_DEVICE_FAMILY = "1,2";
				TEST_TARGET_NAME = AaptivTime;
			};
			name = Debug;
		};
		AF4607F0202AB91C0056D66E /* Release */ = {
			isa = XCBuildConfiguration;
			baseConfigurationReference = 3158D4C8E9E1E2C403C38760 /* Pods-AaptivTimeUITests.release.xcconfig */;
			buildSettings = {
				ALWAYS_EMBED_SWIFT_STANDARD_LIBRARIES = YES;
				CODE_SIGN_STYLE = Automatic;
				DEVELOPMENT_TEAM = BL6PZ96S5P;
				INFOPLIST_FILE = AaptivTimeUITests/Info.plist;
				LD_RUNPATH_SEARCH_PATHS = "$(inherited) @executable_path/Frameworks @loader_path/Frameworks";
				PRODUCT_BUNDLE_IDENTIFIER = com.haowang.AaptivTimeUITests;
				PRODUCT_NAME = "$(TARGET_NAME)";
				SWIFT_VERSION = 4.0;
				TARGETED_DEVICE_FAMILY = "1,2";
				TEST_TARGET_NAME = AaptivTime;
			};
			name = Release;
		};
/* End XCBuildConfiguration section */

/* Begin XCConfigurationList section */
		AF4607B8202AB91B0056D66E /* Build configuration list for PBXProject "AaptivTime" */ = {
			isa = XCConfigurationList;
			buildConfigurations = (
				AF4607E6202AB91C0056D66E /* Debug */,
				AF4607E7202AB91C0056D66E /* Release */,
			);
			defaultConfigurationIsVisible = 0;
			defaultConfigurationName = Release;
		};
		AF4607E8202AB91C0056D66E /* Build configuration list for PBXNativeTarget "AaptivTime" */ = {
			isa = XCConfigurationList;
			buildConfigurations = (
				AF4607E9202AB91C0056D66E /* Debug */,
				AF4607EA202AB91C0056D66E /* Release */,
			);
			defaultConfigurationIsVisible = 0;
			defaultConfigurationName = Release;
		};
		AF4607EB202AB91C0056D66E /* Build configuration list for PBXNativeTarget "AaptivTimeTests" */ = {
			isa = XCConfigurationList;
			buildConfigurations = (
				AF4607EC202AB91C0056D66E /* Debug */,
				AF4607ED202AB91C0056D66E /* Release */,
			);
			defaultConfigurationIsVisible = 0;
			defaultConfigurationName = Release;
		};
		AF4607EE202AB91C0056D66E /* Build configuration list for PBXNativeTarget "AaptivTimeUITests" */ = {
			isa = XCConfigurationList;
			buildConfigurations = (
				AF4607EF202AB91C0056D66E /* Debug */,
				AF4607F0202AB91C0056D66E /* Release */,
			);
			defaultConfigurationIsVisible = 0;
			defaultConfigurationName = Release;
		};
/* End XCConfigurationList section */

/* Begin XCVersionGroup section */
		AF4607C7202AB91B0056D66E /* AaptivTime.xcdatamodeld */ = {
			isa = XCVersionGroup;
			children = (
				AF4607C8202AB91B0056D66E /* AaptivTime.xcdatamodel */,
			);
			currentVersion = AF4607C8202AB91B0056D66E /* AaptivTime.xcdatamodel */;
			path = AaptivTime.xcdatamodeld;
			sourceTree = "<group>";
			versionGroupType = wrapper.xcdatamodel;
		};
/* End XCVersionGroup section */
	};
	rootObject = AF4607B5202AB91B0056D66E /* Project object */;
}
